
Microsoft Visual Studio Solution File, Format Version 12.00
# Visual Studio Version 17
VisualStudioVersion = 17.11.35208.52
MinimumVisualStudioVersion = 10.0.40219.1
Project("{FAE04EC0-301F-11D3-BF4B-00C04F79EFBC}") = "R.E.S.O (CALR)", "R.E.S.O (CALR)\R.E.S.O (CALR).csproj", "{B264248C-54F0-425E-8291-CAC3763E4334}"
EndProject
Global
	GlobalSection(SolutionConfigurationPlatforms) = preSolution
		Debug|Any CPU = Debug|Any CPU
		Release|Any CPU = Release|Any CPU
	EndGlobalSection
	GlobalSection(ProjectConfigurationPlatforms) = postSolution
		{B264248C-54F0-425E-8291-CAC3763E4334}.Debug|Any CPU.ActiveCfg = Debug|Any CPU
		{B264248C-54F0-425E-8291-CAC3763E4334}.Debug|Any CPU.Build.0 = Debug|Any CPU
		{B264248C-54F0-425E-8291-CAC3763E4334}.Release|Any CPU.ActiveCfg = Release|Any CPU
		{B264248C-54F0-425E-8291-CAC3763E4334}.Release|Any CPU.Build.0 = Release|Any CPU
	EndGlobalSection
	GlobalSection(SolutionProperties) = preSolution
		HideSolutionNode = FALSE
	EndGlobalSection
	GlobalSection(ExtensibilityGlobals) = postSolution
		SolutionGuid = {80611223-7C7A-4A98-970D-AE40ADFA7792}
	EndGlobalSection
EndGlobal
